
Microsoft Visual Studio Solution File, Format Version 12.00
# Visual Studio Version 17
VisualStudioVersion = 17.8.34525.116
MinimumVisualStudioVersion = 10.0.40219.1
Project("{FAE04EC0-301F-11D3-BF4B-00C04F79EFBC}") = "Deleget", "Deleget\Deleget.csproj", "{FF9ED46B-1D2D-4381-B68E-C933236E402A}"
EndProject
Global
	GlobalSection(SolutionConfigurationPlatforms) = preSolution
		Debug|Any CPU = Debug|Any CPU
		Release|Any CPU = Release|Any CPU
	EndGlobalSection
	GlobalSection(ProjectConfigurationPlatforms) = postSolution
		{FF9ED46B-1D2D-4381-B68E-C933236E402A}.Debug|Any CPU.ActiveCfg = Debug|Any CPU
		{FF9ED46B-1D2D-4381-B68E-C933236E402A}.Debug|Any CPU.Build.0 = Debug|Any CPU
		{FF9ED46B-1D2D-4381-B68E-C933236E402A}.Release|Any CPU.ActiveCfg = Release|Any CPU
		{FF9ED46B-1D2D-4381-B68E-C933236E402A}.Release|Any CPU.Build.0 = Release|Any CPU
	EndGlobalSection
	GlobalSection(SolutionProperties) = preSolution
		HideSolutionNode = FALSE
	EndGlobalSection
	GlobalSection(ExtensibilityGlobals) = postSolution
		SolutionGuid = {8284D6AC-0BA3-4798-BB88-AFD6E0B03FD5}
	EndGlobalSection
EndGlobal
